
Microsoft Visual Studio Solution File, Format Version 12.00
# Visual Studio Version 16
VisualStudioVersion = 16.0.30621.155
MinimumVisualStudioVersion = 10.0.40219.1
Project("{FAE04EC0-301F-11D3-BF4B-00C04F79EFBC}") = "med-consultation-server", "med-consultation-server.csproj", "{3ED3D49D-08E7-403D-94F0-138CACB6A136}"
EndProject
Global
	GlobalSection(SolutionConfigurationPlatforms) = preSolution
		Debug|Any CPU = Debug|Any CPU
		Release|Any CPU = Release|Any CPU
	EndGlobalSection
	GlobalSection(ProjectConfigurationPlatforms) = postSolution
		{3ED3D49D-08E7-403D-94F0-138CACB6A136}.Debug|Any CPU.ActiveCfg = Debug|Any CPU
		{3ED3D49D-08E7-403D-94F0-138CACB6A136}.Debug|Any CPU.Build.0 = Debug|Any CPU
		{3ED3D49D-08E7-403D-94F0-138CACB6A136}.Release|Any CPU.ActiveCfg = Release|Any CPU
		{3ED3D49D-08E7-403D-94F0-138CACB6A136}.Release|Any CPU.Build.0 = Release|Any CPU
	EndGlobalSection
	GlobalSection(SolutionProperties) = preSolution
		HideSolutionNode = FALSE
	EndGlobalSection
	GlobalSection(ExtensibilityGlobals) = postSolution
		SolutionGuid = {4F73CAF0-30D8-4C26-B49C-EDB5A2B6DA7E}
	EndGlobalSection
EndGlobal
